
Microsoft Visual Studio Solution File, Format Version 12.00
# Visual Studio Version 17
VisualStudioVersion = 17.10.34928.147
MinimumVisualStudioVersion = 10.0.40219.1
Project("{FAE04EC0-301F-11D3-BF4B-00C04F79EFBC}") = "FinalProject(Game)", "FinalProject(Game)\FinalProject(Game).csproj", "{95807F58-A3FC-40DF-907C-498F99E0D41C}"
EndProject
Global
	GlobalSection(SolutionConfigurationPlatforms) = preSolution
		Debug|Any CPU = Debug|Any CPU
		Release|Any CPU = Release|Any CPU
	EndGlobalSection
	GlobalSection(ProjectConfigurationPlatforms) = postSolution
		{95807F58-A3FC-40DF-907C-498F99E0D41C}.Debug|Any CPU.ActiveCfg = Debug|Any CPU
		{95807F58-A3FC-40DF-907C-498F99E0D41C}.Debug|Any CPU.Build.0 = Debug|Any CPU
		{95807F58-A3FC-40DF-907C-498F99E0D41C}.Release|Any CPU.ActiveCfg = Release|Any CPU
		{95807F58-A3FC-40DF-907C-498F99E0D41C}.Release|Any CPU.Build.0 = Release|Any CPU
	EndGlobalSection
	GlobalSection(SolutionProperties) = preSolution
		HideSolutionNode = FALSE
	EndGlobalSection
	GlobalSection(ExtensibilityGlobals) = postSolution
		SolutionGuid = {463F690A-A958-4909-A6DD-4F39EA92799E}
	EndGlobalSection
EndGlobal
